PODS:
  - boost (1.76.0)
  - CocoaAsyncSocket (7.6.5)
  - DoubleConversion (1.1.6)
  - EXApplication (4.0.2):
    - ExpoModulesCore
  - EXConstants (13.0.2):
    - ExpoModulesCore
  - EXErrorRecovery (3.0.5):
    - ExpoModulesCore
  - EXFileSystem (13.1.4):
    - ExpoModulesCore
  - EXImageLoader (3.1.1):
    - ExpoModulesCore
    - React-Core
  - EXImageManipulator (10.2.1):
    - EXImageLoader
    - ExpoModulesCore
  - EXKeepAwake (10.0.2):
    - ExpoModulesCore
  - EXLinearGradient (10.0.3):
    - ExpoModulesCore
  - EXLocalization (11.0.0):
    - ExpoModulesCore
  - EXMediaLibrary (14.0.1):
    - ExpoModulesCore
    - React-Core
  - Expo (44.0.6):
    - ExpoModulesCore
  - ExpoModulesCore (0.6.5):
    - React-Core
    - ReactCommon/turbomodule/core
  - FBLazyVector (0.66.3)
  - FBReactNativeSpec (0.66.3):
    - RCT-Folly (= 2021.06.28.00-v2)
    - RCTRequired (= 0.66.3)
    - RCTTypeSafety (= 0.66.3)
    - React-Core (= 0.66.3)
    - React-jsi (= 0.66.3)
    - ReactCommon/turbomodule/core (= 0.66.3)
  - Flipper (0.99.0):
    - Flipper-Folly (~> 2.6)
    - Flipper-RSocket (~> 1.4)
  - Flipper-Boost-iOSX (1.76.0.1.11)
  - Flipper-DoubleConversion (3.1.7)
  - Flipper-Fmt (7.1.7)
  - Flipper-Folly (2.6.7):
    - Flipper-Boost-iOSX
    - Flipper-DoubleConversion
    - Flipper-Fmt (= 7.1.7)
    - Flipper-Glog
    - libevent (~> 2.1.12)
    - OpenSSL-Universal (= 1.1.180)
  - Flipper-Glog (0.3.6)
  - Flipper-PeerTalk (0.0.4)
  - Flipper-RSocket (1.4.3):
    - Flipper-Folly (~> 2.6)
  - FlipperKit (0.99.0):
    - FlipperKit/Core (= 0.99.0)
  - FlipperKit/Core (0.99.0):
    - Flipper (~> 0.99.0)
    - FlipperKit/CppBridge
    - FlipperKit/FBCxxFollyDynamicConvert
    - FlipperKit/FBDefines
    - FlipperKit/FKPortForwarding
  - FlipperKit/CppBridge (0.99.0):
    - Flipper (~> 0.99.0)
  - FlipperKit/FBCxxFollyDynamicConvert (0.99.0):
    - Flipper-Folly (~> 2.6)
  - FlipperKit/FBDefines (0.99.0)
  - FlipperKit/FKPortForwarding (0.99.0):
    - CocoaAsyncSocket (~> 7.6)
    - Flipper-PeerTalk (~> 0.0.4)
  - FlipperKit/FlipperKitHighlightOverlay (0.99.0)
  - FlipperKit/FlipperKitLayoutHelpers (0.99.0):
    - FlipperKit/Core
    - FlipperKit/FlipperKitHighlightOverlay
    - FlipperKit/FlipperKitLayoutTextSearchable
  - FlipperKit/FlipperKitLayoutIOSDescriptors (0.99.0):
    - FlipperKit/Core
    - FlipperKit/FlipperKitHighlightOverlay
    - FlipperKit/FlipperKitLayoutHelpers
    - YogaKit (~> 1.18)
  - FlipperKit/FlipperKitLayoutPlugin (0.99.0):
    - FlipperKit/Core
    - FlipperKit/FlipperKitHighlightOverlay
    - FlipperKit/FlipperKitLayoutHelpers
    - FlipperKit/FlipperKitLayoutIOSDescriptors
    - FlipperKit/FlipperKitLayoutTextSearchable
    - YogaKit (~> 1.18)
  - FlipperKit/FlipperKitLayoutTextSearchable (0.99.0)
  - FlipperKit/FlipperKitNetworkPlugin (0.99.0):
    - FlipperKit/Core
  - FlipperKit/FlipperKitReactPlugin (0.99.0):
    - FlipperKit/Core
  - FlipperKit/FlipperKitUserDefaultsPlugin (0.99.0):
    - FlipperKit/Core
  - FlipperKit/SKIOSNetworkPlugin (0.99.0):
    - FlipperKit/Core
    - FlipperKit/FlipperKitNetworkPlugin
  - fmt (6.2.1)
  - glog (0.3.5)
  - libevent (2.1.12)
  - libwebp (1.2.2):
    - libwebp/demux (= 1.2.2)
    - libwebp/mux (= 1.2.2)
    - libwebp/webp (= 1.2.2)
  - libwebp/demux (1.2.2):
    - libwebp/webp
  - libwebp/mux (1.2.2):
    - libwebp/demux
  - libwebp/webp (1.2.2)
  - lottie-ios (3.2.3)
  - lottie-react-native (5.0.1):
    - lottie-ios (~> 3.2.3)
    - React-Core
  - Mobile (0.0.3)
  - OpenSSL-Universal (1.1.180)
  - RCT-Folly (2021.06.28.00-v2):
    - boost
    - DoubleConversion
    - fmt (~> 6.2.1)
    - glog
    - RCT-Folly/Default (= 2021.06.28.00-v2)
  - RCT-Folly/Default (2021.06.28.00-v2):
    - boost
    - DoubleConversion
    - fmt (~> 6.2.1)
    - glog
  - RCTRequired (0.66.3)
  - RCTTypeSafety (0.66.3):
    - FBLazyVector (= 0.66.3)
    - RCT-Folly (= 2021.06.28.00-v2)
    - RCTRequired (= 0.66.3)
    - React-Core (= 0.66.3)
  - React (0.66.3):
    - React-Core (= 0.66.3)
    - React-Core/DevSupport (= 0.66.3)
    - React-Core/RCTWebSocket (= 0.66.3)
    - React-RCTActionSheet (= 0.66.3)
    - React-RCTAnimation (= 0.66.3)
    - React-RCTBlob (= 0.66.3)
    - React-RCTImage (= 0.66.3)
    - React-RCTLinking (= 0.66.3)
    - React-RCTNetwork (= 0.66.3)
    - React-RCTSettings (= 0.66.3)
    - React-RCTText (= 0.66.3)
    - React-RCTVibration (= 0.66.3)
  - React-callinvoker (0.66.3)
  - React-Core (0.66.3):
    - glog
    - RCT-Folly (= 2021.06.28.00-v2)
    - React-Core/Default (= 0.66.3)
    - React-cxxreact (= 0.66.3)
    - React-jsi (= 0.66.3)
    - React-jsiexecutor (= 0.66.3)
    - React-perflogger (= 0.66.3)
    - Yoga
  - React-Core/CoreModulesHeaders (0.66.3):
    - glog
    - RCT-Folly (= 2021.06.28.00-v2)
    - React-Core/Default
    - React-cxxreact (= 0.66.3)
    - React-jsi (= 0.66.3)
    - React-jsiexecutor (= 0.66.3)
    - React-perflogger (= 0.66.3)
    - Yoga
  - React-Core/Default (0.66.3):
    - glog
    - RCT-Folly (= 2021.06.28.00-v2)
    - React-cxxreact (= 0.66.3)
    - React-jsi (= 0.66.3)
    - React-jsiexecutor (= 0.66.3)
    - React-perflogger (= 0.66.3)
    - Yoga
  - React-Core/DevSupport (0.66.3):
    - glog
    - RCT-Folly (= 2021.06.28.00-v2)
    - React-Core/Default (= 0.66.3)
    - React-Core/RCTWebSocket (= 0.66.3)
    - React-cxxreact (= 0.66.3)
    - React-jsi (= 0.66.3)
    - React-jsiexecutor (= 0.66.3)
    - React-jsinspector (= 0.66.3)
    - React-perflogger (= 0.66.3)
    - Yoga
  - React-Core/RCTActionSheetHeaders (0.66.3):
    - glog
    - RCT-Folly (= 2021.06.28.00-v2)
    - React-Core/Default
    - React-cxxreact (= 0.66.3)
    - React-jsi (= 0.66.3)
    - React-jsiexecutor (= 0.66.3)
    - React-perflogger (= 0.66.3)
    - Yoga
  - React-Core/RCTAnimationHeaders (0.66.3):
    - glog
    - RCT-Folly (= 2021.06.28.00-v2)
    - React-Core/Default
    - React-cxxreact (= 0.66.3)
    - React-jsi (= 0.66.3)
    - React-jsiexecutor (= 0.66.3)
    - React-perflogger (= 0.66.3)
    - Yoga
  - React-Core/RCTBlobHeaders (0.66.3):
    - glog
    - RCT-Folly (= 2021.06.28.00-v2)
    - React-Core/Default
    - React-cxxreact (= 0.66.3)
    - React-jsi (= 0.66.3)
    - React-jsiexecutor (= 0.66.3)
    - React-perflogger (= 0.66.3)
    - Yoga
  - React-Core/RCTImageHeaders (0.66.3):
    - glog
    - RCT-Folly (= 2021.06.28.00-v2)
    - React-Core/Default
    - React-cxxreact (= 0.66.3)
    - React-jsi (= 0.66.3)
    - React-jsiexecutor (= 0.66.3)
    - React-perflogger (= 0.66.3)
    - Yoga
  - React-Core/RCTLinkingHeaders (0.66.3):
    - glog
    - RCT-Folly (= 2021.06.28.00-v2)
    - React-Core/Default
    - React-cxxreact (= 0.66.3)
    - React-jsi (= 0.66.3)
    - React-jsiexecutor (= 0.66.3)
    - React-perflogger (= 0.66.3)
    - Yoga
  - React-Core/RCTNetworkHeaders (0.66.3):
    - glog
    - RCT-Folly (= 2021.06.28.00-v2)
    - React-Core/Default
    - React-cxxreact (= 0.66.3)
    - React-jsi (= 0.66.3)
    - React-jsiexecutor (= 0.66.3)
    - React-perflogger (= 0.66.3)
    - Yoga
  - React-Core/RCTSettingsHeaders (0.66.3):
    - glog
    - RCT-Folly (= 2021.06.28.00-v2)
    - React-Core/Default
    - React-cxxreact (= 0.66.3)
    - React-jsi (= 0.66.3)
    - React-jsiexecutor (= 0.66.3)
    - React-perflogger (= 0.66.3)
    - Yoga
  - React-Core/RCTTextHeaders (0.66.3):
    - glog
    - RCT-Folly (= 2021.06.28.00-v2)
    - React-Core/Default
    - React-cxxreact (= 0.66.3)
    - React-jsi (= 0.66.3)
    - React-jsiexecutor (= 0.66.3)
    - React-perflogger (= 0.66.3)
    - Yoga
  - React-Core/RCTVibrationHeaders (0.66.3):
    - glog
    - RCT-Folly (= 2021.06.28.00-v2)
    - React-Core/Default
    - React-cxxreact (= 0.66.3)
    - React-jsi (= 0.66.3)
    - React-jsiexecutor (= 0.66.3)
    - React-perflogger (= 0.66.3)
    - Yoga
  - React-Core/RCTWebSocket (0.66.3):
    - glog
    - RCT-Folly (= 2021.06.28.00-v2)
    - React-Core/Default (= 0.66.3)
    - React-cxxreact (= 0.66.3)
    - React-jsi (= 0.66.3)
    - React-jsiexecutor (= 0.66.3)
    - React-perflogger (= 0.66.3)
    - Yoga
  - React-CoreModules (0.66.3):
    - FBReactNativeSpec (= 0.66.3)
    - RCT-Folly (= 2021.06.28.00-v2)
    - RCTTypeSafety (= 0.66.3)
    - React-Core/CoreModulesHeaders (= 0.66.3)
    - React-jsi (= 0.66.3)
    - React-RCTImage (= 0.66.3)
    - ReactCommon/turbomodule/core (= 0.66.3)
  - React-cxxreact (0.66.3):
    - boost (= 1.76.0)
    - DoubleConversion
    - glog
    - RCT-Folly (= 2021.06.28.00-v2)
    - React-callinvoker (= 0.66.3)
    - React-jsi (= 0.66.3)
    - React-jsinspector (= 0.66.3)
    - React-logger (= 0.66.3)
    - React-perflogger (= 0.66.3)
    - React-runtimeexecutor (= 0.66.3)
  - React-jsi (0.66.3):
    - boost (= 1.76.0)
    - DoubleConversion
    - glog
    - RCT-Folly (= 2021.06.28.00-v2)
    - React-jsi/Default (= 0.66.3)
  - React-jsi/Default (0.66.3):
    - boost (= 1.76.0)
    - DoubleConversion
    - glog
    - RCT-Folly (= 2021.06.28.00-v2)
  - React-jsiexecutor (0.66.3):
    - DoubleConversion
    - glog
    - RCT-Folly (= 2021.06.28.00-v2)
    - React-cxxreact (= 0.66.3)
    - React-jsi (= 0.66.3)
    - React-perflogger (= 0.66.3)
  - React-jsinspector (0.66.3)
  - React-logger (0.66.3):
    - glog
  - react-native-background-actions (2.6.7):
    - React-Core
  - react-native-fula (0.3.1):
    - Mobile (~> 0.0.3)
    - React-Core
  - react-native-get-random-values (1.8.0):
    - React-Core
  - react-native-netinfo (8.3.1):
    - React-Core
  - react-native-randombytes (3.6.1):
    - React-Core
  - react-native-safe-area-context (4.2.4):
    - RCT-Folly
    - RCTRequired
    - RCTTypeSafety
    - React
    - ReactCommon/turbomodule/core
  - React-perflogger (0.66.3)
  - React-RCTActionSheet (0.66.3):
    - React-Core/RCTActionSheetHeaders (= 0.66.3)
  - React-RCTAnimation (0.66.3):
    - FBReactNativeSpec (= 0.66.3)
    - RCT-Folly (= 2021.06.28.00-v2)
    - RCTTypeSafety (= 0.66.3)
    - React-Core/RCTAnimationHeaders (= 0.66.3)
    - React-jsi (= 0.66.3)
    - ReactCommon/turbomodule/core (= 0.66.3)
  - React-RCTBlob (0.66.3):
    - FBReactNativeSpec (= 0.66.3)
    - RCT-Folly (= 2021.06.28.00-v2)
    - React-Core/RCTBlobHeaders (= 0.66.3)
    - React-Core/RCTWebSocket (= 0.66.3)
    - React-jsi (= 0.66.3)
    - React-RCTNetwork (= 0.66.3)
    - ReactCommon/turbomodule/core (= 0.66.3)
  - React-RCTImage (0.66.3):
    - FBReactNativeSpec (= 0.66.3)
    - RCT-Folly (= 2021.06.28.00-v2)
    - RCTTypeSafety (= 0.66.3)
    - React-Core/RCTImageHeaders (= 0.66.3)
    - React-jsi (= 0.66.3)
    - React-RCTNetwork (= 0.66.3)
    - ReactCommon/turbomodule/core (= 0.66.3)
  - React-RCTLinking (0.66.3):
    - FBReactNativeSpec (= 0.66.3)
    - React-Core/RCTLinkingHeaders (= 0.66.3)
    - React-jsi (= 0.66.3)
    - ReactCommon/turbomodule/core (= 0.66.3)
  - React-RCTNetwork (0.66.3):
    - FBReactNativeSpec (= 0.66.3)
    - RCT-Folly (= 2021.06.28.00-v2)
    - RCTTypeSafety (= 0.66.3)
    - React-Core/RCTNetworkHeaders (= 0.66.3)
    - React-jsi (= 0.66.3)
    - ReactCommon/turbomodule/core (= 0.66.3)
  - React-RCTSettings (0.66.3):
    - FBReactNativeSpec (= 0.66.3)
    - RCT-Folly (= 2021.06.28.00-v2)
    - RCTTypeSafety (= 0.66.3)
    - React-Core/RCTSettingsHeaders (= 0.66.3)
    - React-jsi (= 0.66.3)
    - ReactCommon/turbomodule/core (= 0.66.3)
  - React-RCTText (0.66.3):
    - React-Core/RCTTextHeaders (= 0.66.3)
  - React-RCTVibration (0.66.3):
    - FBReactNativeSpec (= 0.66.3)
    - RCT-Folly (= 2021.06.28.00-v2)
    - React-Core/RCTVibrationHeaders (= 0.66.3)
    - React-jsi (= 0.66.3)
    - ReactCommon/turbomodule/core (= 0.66.3)
  - React-runtimeexecutor (0.66.3):
    - React-jsi (= 0.66.3)
  - ReactCommon/turbomodule/core (0.66.3):
    - DoubleConversion
    - glog
    - RCT-Folly (= 2021.06.28.00-v2)
    - React-callinvoker (= 0.66.3)
    - React-Core (= 0.66.3)
    - React-cxxreact (= 0.66.3)
    - React-jsi (= 0.66.3)
    - React-logger (= 0.66.3)
    - React-perflogger (= 0.66.3)
  - RealmJS (10.20.0-alpha.2):
    - React
  - RNBackgroundFetch (4.1.0):
    - React-Core
  - RNCAsyncStorage (1.17.6):
    - React-Core
  - RNCMaskedView (0.1.10):
    - React
  - RNFastImage (8.5.11):
    - React-Core
    - SDWebImage (~> 5.11.1)
    - SDWebImageWebPCoder (~> 0.8.4)
  - RNGestureHandler (2.4.1):
    - React-Core
  - RNKeychain (8.0.0):
    - React-Core
  - RNReanimated (2.8.0):
    - DoubleConversion
    - FBLazyVector
    - FBReactNativeSpec
    - glog
    - RCT-Folly
    - RCTRequired
    - RCTTypeSafety
    - React-callinvoker
    - React-Core
    - React-Core/DevSupport
    - React-Core/RCTWebSocket
    - React-CoreModules
    - React-cxxreact
    - React-jsi
    - React-jsiexecutor
    - React-jsinspector
    - React-RCTActionSheet
    - React-RCTAnimation
    - React-RCTBlob
    - React-RCTImage
    - React-RCTLinking
    - React-RCTNetwork
    - React-RCTSettings
    - React-RCTText
    - ReactCommon/turbomodule/core
    - Yoga
  - RNScreens (3.13.1):
    - React-Core
    - React-RCTImage
  - RNSharedElement (0.8.4):
    - React-Core
  - RNSVG (12.3.0):
    - React-Core
  - RNVectorIcons (9.1.0):
    - React-Core
  - SDWebImage (5.11.1):
    - SDWebImage/Core (= 5.11.1)
  - SDWebImage/Core (5.11.1)
  - SDWebImageWebPCoder (0.8.5):
    - libwebp (~> 1.0)
    - SDWebImage/Core (~> 5.10)
  - Yoga (1.14.0)
  - YogaKit (1.18.1):
    - Yoga (~> 1.14)

DEPENDENCIES:
  - boost (from `../node_modules/react-native/third-party-podspecs/boost.podspec`)
  - DoubleConversion (from `../node_modules/react-native/third-party-podspecs/DoubleConversion.podspec`)
  - EXApplication (from `../node_modules/expo-application/ios`)
  - EXConstants (from `../node_modules/expo-constants/ios`)
  - EXErrorRecovery (from `../node_modules/expo-error-recovery/ios`)
  - EXFileSystem (from `../node_modules/expo-file-system/ios`)
  - EXImageLoader (from `../node_modules/expo-image-loader/ios`)
  - EXImageManipulator (from `../node_modules/expo-image-manipulator/ios`)
  - EXKeepAwake (from `../node_modules/expo-keep-awake/ios`)
  - EXLinearGradient (from `../node_modules/expo-linear-gradient/ios`)
  - EXLocalization (from `../node_modules/expo-localization/ios`)
  - EXMediaLibrary (from `../node_modules/expo-media-library/ios`)
  - Expo (from `../node_modules/expo/ios`)
  - ExpoModulesCore (from `../node_modules/expo-modules-core/ios`)
  - FBLazyVector (from `../node_modules/react-native/Libraries/FBLazyVector`)
  - FBReactNativeSpec (from `../node_modules/react-native/React/FBReactNativeSpec`)
  - Flipper (= 0.99.0)
  - Flipper-Boost-iOSX (= 1.76.0.1.11)
  - Flipper-DoubleConversion (= 3.1.7)
  - Flipper-Fmt (= 7.1.7)
  - Flipper-Folly (= 2.6.7)
  - Flipper-Glog (= 0.3.6)
  - Flipper-PeerTalk (= 0.0.4)
  - Flipper-RSocket (= 1.4.3)
  - FlipperKit (= 0.99.0)
  - FlipperKit/Core (= 0.99.0)
  - FlipperKit/CppBridge (= 0.99.0)
  - FlipperKit/FBCxxFollyDynamicConvert (= 0.99.0)
  - FlipperKit/FBDefines (= 0.99.0)
  - FlipperKit/FKPortForwarding (= 0.99.0)
  - FlipperKit/FlipperKitHighlightOverlay (= 0.99.0)
  - FlipperKit/FlipperKitLayoutPlugin (= 0.99.0)
  - FlipperKit/FlipperKitLayoutTextSearchable (= 0.99.0)
  - FlipperKit/FlipperKitNetworkPlugin (= 0.99.0)
  - FlipperKit/FlipperKitReactPlugin (= 0.99.0)
  - FlipperKit/FlipperKitUserDefaultsPlugin (= 0.99.0)
  - FlipperKit/SKIOSNetworkPlugin (= 0.99.0)
  - glog (from `../node_modules/react-native/third-party-podspecs/glog.podspec`)
  - lottie-ios (from `../node_modules/lottie-ios`)
  - lottie-react-native (from `../node_modules/lottie-react-native`)
  - RCT-Folly (from `../node_modules/react-native/third-party-podspecs/RCT-Folly.podspec`)
  - RCTRequired (from `../node_modules/react-native/Libraries/RCTRequired`)
  - RCTTypeSafety (from `../node_modules/react-native/Libraries/TypeSafety`)
  - React (from `../node_modules/react-native/`)
  - React-callinvoker (from `../node_modules/react-native/ReactCommon/callinvoker`)
  - React-Core (from `../node_modules/react-native/`)
  - React-Core/DevSupport (from `../node_modules/react-native/`)
  - React-Core/RCTWebSocket (from `../node_modules/react-native/`)
  - React-CoreModules (from `../node_modules/react-native/React/CoreModules`)
  - React-cxxreact (from `../node_modules/react-native/ReactCommon/cxxreact`)
  - React-jsi (from `../node_modules/react-native/ReactCommon/jsi`)
  - React-jsiexecutor (from `../node_modules/react-native/ReactCommon/jsiexecutor`)
  - React-jsinspector (from `../node_modules/react-native/ReactCommon/jsinspector`)
  - React-logger (from `../node_modules/react-native/ReactCommon/logger`)
  - react-native-background-actions (from `../node_modules/react-native-background-actions`)
  - react-native-fula (from `../node_modules/react-native-fula`)
  - react-native-get-random-values (from `../node_modules/react-native-get-random-values`)
  - "react-native-netinfo (from `../node_modules/@react-native-community/netinfo`)"
  - react-native-randombytes (from `../node_modules/react-native-randombytes`)
  - react-native-safe-area-context (from `../node_modules/react-native-safe-area-context`)
  - React-perflogger (from `../node_modules/react-native/ReactCommon/reactperflogger`)
  - React-RCTActionSheet (from `../node_modules/react-native/Libraries/ActionSheetIOS`)
  - React-RCTAnimation (from `../node_modules/react-native/Libraries/NativeAnimation`)
  - React-RCTBlob (from `../node_modules/react-native/Libraries/Blob`)
  - React-RCTImage (from `../node_modules/react-native/Libraries/Image`)
  - React-RCTLinking (from `../node_modules/react-native/Libraries/LinkingIOS`)
  - React-RCTNetwork (from `../node_modules/react-native/Libraries/Network`)
  - React-RCTSettings (from `../node_modules/react-native/Libraries/Settings`)
  - React-RCTText (from `../node_modules/react-native/Libraries/Text`)
  - React-RCTVibration (from `../node_modules/react-native/Libraries/Vibration`)
  - React-runtimeexecutor (from `../node_modules/react-native/ReactCommon/runtimeexecutor`)
  - ReactCommon/turbomodule/core (from `../node_modules/react-native/ReactCommon`)
  - RealmJS (from `../node_modules/realm`)
  - RNBackgroundFetch (from `../node_modules/react-native-background-fetch`)
  - "RNCAsyncStorage (from `../node_modules/@react-native-async-storage/async-storage`)"
  - "RNCMaskedView (from `../node_modules/@react-native-community/masked-view`)"
  - RNFastImage (from `../node_modules/react-native-fast-image`)
  - RNGestureHandler (from `../node_modules/react-native-gesture-handler`)
  - RNKeychain (from `../node_modules/react-native-keychain`)
  - RNReanimated (from `../node_modules/react-native-reanimated`)
  - RNScreens (from `../node_modules/react-native-screens`)
  - RNSharedElement (from `../node_modules/react-native-shared-element`)
  - RNSVG (from `../node_modules/react-native-svg`)
  - RNVectorIcons (from `../node_modules/react-native-vector-icons`)
  - Yoga (from `../node_modules/react-native/ReactCommon/yoga`)

SPEC REPOS:
  trunk:
    - CocoaAsyncSocket
    - Flipper
    - Flipper-Boost-iOSX
    - Flipper-DoubleConversion
    - Flipper-Fmt
    - Flipper-Folly
    - Flipper-Glog
    - Flipper-PeerTalk
    - Flipper-RSocket
    - FlipperKit
    - fmt
    - libevent
    - libwebp
    - Mobile
    - OpenSSL-Universal
    - SDWebImage
    - SDWebImageWebPCoder
    - YogaKit

EXTERNAL SOURCES:
  boost:
    :podspec: "../node_modules/react-native/third-party-podspecs/boost.podspec"
  DoubleConversion:
    :podspec: "../node_modules/react-native/third-party-podspecs/DoubleConversion.podspec"
  EXApplication:
    :path: "../node_modules/expo-application/ios"
  EXConstants:
    :path: "../node_modules/expo-constants/ios"
  EXErrorRecovery:
    :path: "../node_modules/expo-error-recovery/ios"
  EXFileSystem:
    :path: "../node_modules/expo-file-system/ios"
  EXImageLoader:
    :path: "../node_modules/expo-image-loader/ios"
  EXImageManipulator:
    :path: "../node_modules/expo-image-manipulator/ios"
  EXKeepAwake:
    :path: "../node_modules/expo-keep-awake/ios"
  EXLinearGradient:
    :path: "../node_modules/expo-linear-gradient/ios"
  EXLocalization:
    :path: "../node_modules/expo-localization/ios"
  EXMediaLibrary:
    :path: "../node_modules/expo-media-library/ios"
  Expo:
    :path: "../node_modules/expo/ios"
  ExpoModulesCore:
    :path: "../node_modules/expo-modules-core/ios"
  FBLazyVector:
    :path: "../node_modules/react-native/Libraries/FBLazyVector"
  FBReactNativeSpec:
    :path: "../node_modules/react-native/React/FBReactNativeSpec"
  glog:
    :podspec: "../node_modules/react-native/third-party-podspecs/glog.podspec"
  lottie-ios:
    :path: "../node_modules/lottie-ios"
  lottie-react-native:
    :path: "../node_modules/lottie-react-native"
  RCT-Folly:
    :podspec: "../node_modules/react-native/third-party-podspecs/RCT-Folly.podspec"
  RCTRequired:
    :path: "../node_modules/react-native/Libraries/RCTRequired"
  RCTTypeSafety:
    :path: "../node_modules/react-native/Libraries/TypeSafety"
  React:
    :path: "../node_modules/react-native/"
  React-callinvoker:
    :path: "../node_modules/react-native/ReactCommon/callinvoker"
  React-Core:
    :path: "../node_modules/react-native/"
  React-CoreModules:
    :path: "../node_modules/react-native/React/CoreModules"
  React-cxxreact:
    :path: "../node_modules/react-native/ReactCommon/cxxreact"
  React-jsi:
    :path: "../node_modules/react-native/ReactCommon/jsi"
  React-jsiexecutor:
    :path: "../node_modules/react-native/ReactCommon/jsiexecutor"
  React-jsinspector:
    :path: "../node_modules/react-native/ReactCommon/jsinspector"
  React-logger:
    :path: "../node_modules/react-native/ReactCommon/logger"
  react-native-background-actions:
    :path: "../node_modules/react-native-background-actions"
  react-native-fula:
    :path: "../node_modules/react-native-fula"
  react-native-get-random-values:
    :path: "../node_modules/react-native-get-random-values"
  react-native-netinfo:
    :path: "../node_modules/@react-native-community/netinfo"
  react-native-randombytes:
    :path: "../node_modules/react-native-randombytes"
  react-native-safe-area-context:
    :path: "../node_modules/react-native-safe-area-context"
  React-perflogger:
    :path: "../node_modules/react-native/ReactCommon/reactperflogger"
  React-RCTActionSheet:
    :path: "../node_modules/react-native/Libraries/ActionSheetIOS"
  React-RCTAnimation:
    :path: "../node_modules/react-native/Libraries/NativeAnimation"
  React-RCTBlob:
    :path: "../node_modules/react-native/Libraries/Blob"
  React-RCTImage:
    :path: "../node_modules/react-native/Libraries/Image"
  React-RCTLinking:
    :path: "../node_modules/react-native/Libraries/LinkingIOS"
  React-RCTNetwork:
    :path: "../node_modules/react-native/Libraries/Network"
  React-RCTSettings:
    :path: "../node_modules/react-native/Libraries/Settings"
  React-RCTText:
    :path: "../node_modules/react-native/Libraries/Text"
  React-RCTVibration:
    :path: "../node_modules/react-native/Libraries/Vibration"
  React-runtimeexecutor:
    :path: "../node_modules/react-native/ReactCommon/runtimeexecutor"
  ReactCommon:
    :path: "../node_modules/react-native/ReactCommon"
  RealmJS:
    :path: "../node_modules/realm"
  RNBackgroundFetch:
    :path: "../node_modules/react-native-background-fetch"
  RNCAsyncStorage:
    :path: "../node_modules/@react-native-async-storage/async-storage"
  RNCMaskedView:
    :path: "../node_modules/@react-native-community/masked-view"
  RNFastImage:
    :path: "../node_modules/react-native-fast-image"
  RNGestureHandler:
    :path: "../node_modules/react-native-gesture-handler"
  RNKeychain:
    :path: "../node_modules/react-native-keychain"
  RNReanimated:
    :path: "../node_modules/react-native-reanimated"
  RNScreens:
    :path: "../node_modules/react-native-screens"
  RNSharedElement:
    :path: "../node_modules/react-native-shared-element"
  RNSVG:
    :path: "../node_modules/react-native-svg"
  RNVectorIcons:
    :path: "../node_modules/react-native-vector-icons"
  Yoga:
    :path: "../node_modules/react-native/ReactCommon/yoga"

SPEC CHECKSUMS:
  boost: a7c83b31436843459a1961bfd74b96033dc77234
  CocoaAsyncSocket: 065fd1e645c7abab64f7a6a2007a48038fdc6a99
  DoubleConversion: 831926d9b8bf8166fd87886c4abab286c2422662
  EXApplication: 54fe5bd6268d697771645e8f1aef8b806a65247a
  EXConstants: 88bf79622fbd9b476c96d8ec57fe97ca44fe8e3c
  EXErrorRecovery: b0d7582714a2cc896e94a2308a356f94dbf14ef7
  EXFileSystem: 08a3033ac372b6346becf07839e1ccef26fb1058
  EXImageLoader: 347b72c2ec2df65120ccec40ea65a4c4f24317ff
  EXImageManipulator: 60d1bf3f1d7709453b1feb38adf8594b7f58710f
  EXKeepAwake: bf48d7f740a5cd2befed6cf9a49911d385c6c47d
  EXLinearGradient: 4d727eacb53d19ef25b02dd810e0199b453489ce
  EXLocalization: bb38414618b30a177482c9a6f5594ec6eb0898c1
  EXMediaLibrary: 843669e1d9d38965057830138609ee99ef260cf1
  Expo: 534e51e607aba8229293297da5585f4b26f50fa1
  ExpoModulesCore: 32c0ccb47f477d330ee93db72505380adf0de09a
  FBLazyVector: de148e8310b8b878db304ceea2fec13f2c02e3a0
  FBReactNativeSpec: 6192956c9e346013d5f1809ba049af720b11c6a4
  Flipper: 30e8eeeed6abdc98edaf32af0cda2f198be4b733
  Flipper-Boost-iOSX: fd1e2b8cbef7e662a122412d7ac5f5bea715403c
  Flipper-DoubleConversion: 57ffbe81ef95306cc9e69c4aa3aeeeeb58a6a28c
  Flipper-Fmt: 60cbdd92fc254826e61d669a5d87ef7015396a9b
  Flipper-Folly: 83af37379faa69497529e414bd43fbfc7cae259a
  Flipper-Glog: 1dfd6abf1e922806c52ceb8701a3599a79a200a6
  Flipper-PeerTalk: 116d8f857dc6ef55c7a5a75ea3ceaafe878aadc9
  Flipper-RSocket: d9d9ade67cbecf6ac10730304bf5607266dd2541
  FlipperKit: d8d346844eca5d9120c17d441a2f38596e8ed2b9
  fmt: ff9d55029c625d3757ed641535fd4a75fedc7ce9
  glog: 5337263514dd6f09803962437687240c5dc39aa4
  libevent: 4049cae6c81cdb3654a443be001fb9bdceff7913
  libwebp: 72a0094b0fc1ac526d5b69e1feb7c41c75ced029
  lottie-ios: c058aeafa76daa4cf64d773554bccc8385d0150e
  lottie-react-native: a029a86e1689c86a07169c520ae770e84348cd20
  Mobile: 449b0e95a46cd4fcae842696036dc606f95a486b
  OpenSSL-Universal: 1aa4f6a6ee7256b83db99ec1ccdaa80d10f9af9b
  RCT-Folly: a21c126816d8025b547704b777a2ba552f3d9fa9
  RCTRequired: 59d2b744d8c2bf2d9bc7032a9f654809adcf7d50
  RCTTypeSafety: d0aaf7ccae5c70a4aaa3a5c3e9e0db97efae760e
  React: fbe655dd1d12c052299b61abdc576720098d80fc
  React-callinvoker: a535746608d9bc8b1dea7095ed4d8d3d7aae9a05
  React-Core: 008d2638c4f80b189c8e170ff2d241027ec517fd
  React-CoreModules: 91c9a03f4e1b74494c087d9c9a29e89a3145c228
  React-cxxreact: 9c462fb6d59f865855e2dee2097c7d87b3d2de49
  React-jsi: 4de8b8d70ba4ed841eb9b772bdb719f176387e21
  React-jsiexecutor: 433a691aee158533a6a6ee9c86cb4a1684fa2853
  React-jsinspector: d9c8eb0b53f0da206fed56612b289fec84991157
  React-logger: e522e76fa3e9ec3e7d7115b49485cc065cf4ae06
  react-native-background-actions: 2c251c986f23347f9c1722f05fd296938f60edb1
  react-native-fula: 93d9bc0cfbcf6cefb05832b40b53a24a8e63fb8a
  react-native-get-random-values: a6ea6a8a65dc93e96e24a11105b1a9c8cfe1d72a
  react-native-netinfo: 1a6035d3b9780221d407c277ebfb5722ace00658
  react-native-randombytes: 421f1c7d48c0af8dbcd471b0324393ebf8fe7846
  react-native-safe-area-context: f98b0b16d1546d208fc293b4661e3f81a895afd9
  React-perflogger: 73732888d37d4f5065198727b167846743232882
  React-RCTActionSheet: 96c6d774fa89b1f7c59fc460adc3245ba2d7fd79
  React-RCTAnimation: 8940cfd3a8640bd6f6372150dbdb83a79bcbae6c
  React-RCTBlob: e80de5fdf952a4f226a00fc54f3db526809f92f7
  React-RCTImage: f990d6b272c7e89ff864caf0bccfb620ab3ca5d0
  React-RCTLinking: 2280ed0d5ffb78954b484b90228d597b5f941c5f
  React-RCTNetwork: 1359fa853c216616e711b810dcb8682a6a8e7564
  React-RCTSettings: 84958860aaa3639f0249e751ea7702c62eb67188
  React-RCTText: 196cf06b8cb6229d8c6dd9fc9057bdf97db5d3fb
  React-RCTVibration: 50cfe7049167cfc7e83ac5542c6fff0c76791a9b
  React-runtimeexecutor: bbbdb3d8fcf327c6e2249ee71b6ef1764b7dc266
  ReactCommon: 9bac022ab71596f2b0fde1268272543184c63971
  RealmJS: fdc50b319040a4d4b4705dfcf26382df1f38b80e
  RNBackgroundFetch: 1f47e8f793ad7a1ae7f0e3db5437f4feaf887a03
  RNCAsyncStorage: 466b9df1a14bccda91da86e0b7d9a345d78e1673
  RNCMaskedView: 5a8ec07677aa885546a0d98da336457e2bea557f
  RNFastImage: 1f2cab428712a4baaf78d6169eaec7f622556dd7
  RNGestureHandler: 4f4986408310a43f1606c391f38f76e0d6e790d5
  RNKeychain: 4f63aada75ebafd26f4bc2c670199461eab85d94
  RNReanimated: 58b57be69a237fb02ec8099d25171057638cf41a
  RNScreens: 40a2cb40a02a609938137a1e0acfbf8fc9eebf19
  RNSharedElement: eb7d506733952d58634f34c82ec17e82f557e377
  RNSVG: 302bfc9905bd8122f08966dc2ce2d07b7b52b9f8
  RNVectorIcons: 7923e585eaeb139b9f4531d25a125a1500162a0b
  SDWebImage: a7f831e1a65eb5e285e3fb046a23fcfbf08e696d
  SDWebImageWebPCoder: 908b83b6adda48effe7667cd2b7f78c897e5111d
  Yoga: 32a18c0e845e185f4a2a66ec76e1fd1f958f22fa
  YogaKit: f782866e155069a2cca2517aafea43200b01fd5a

PODFILE CHECKSUM: a82f4e14ce2eef5b39b10e58a71be6dda1cc31fb

COCOAPODS: 1.11.3
